
Microsoft Visual Studio Solution File, Format Version 12.00
# Visual Studio Version 18
VisualStudioVersion = 18.0.11217.181
MinimumVisualStudioVersion = 10.0.40219.1
Project("{FAE04EC0-301F-11D3-BF4B-00C04F79EFBC}") = "Md2h", "Md2h.csproj", "{1381BE76-A680-5B90-5DA8-CCFE1F444096}"
EndProject
Project("{2150E333-8FDC-42A3-9474-1A3956D46DE8}") = "Solution Items", "Solution Items", "{9CEB4B83-42DB-44E1-9319-AAAD333093EA}"
	ProjectSection(SolutionItems) = preProject
		JS.js = JS.js
	EndProjectSection
EndProject
Global
	GlobalSection(SolutionConfigurationPlatforms) = preSolution
		Debug|Any CPU = Debug|Any CPU
		Release|Any CPU = Release|Any CPU
	EndGlobalSection
	GlobalSection(ProjectConfigurationPlatforms) = postSolution
		{1381BE76-A680-5B90-5DA8-CCFE1F444096}.Debug|Any CPU.ActiveCfg = Debug|Any CPU
		{1381BE76-A680-5B90-5DA8-CCFE1F444096}.Debug|Any CPU.Build.0 = Debug|Any CPU
		{1381BE76-A680-5B90-5DA8-CCFE1F444096}.Release|Any CPU.ActiveCfg = Release|Any CPU
		{1381BE76-A680-5B90-5DA8-CCFE1F444096}.Release|Any CPU.Build.0 = Release|Any CPU
	EndGlobalSection
	GlobalSection(SolutionProperties) = preSolution
		HideSolutionNode = FALSE
	EndGlobalSection
	GlobalSection(ExtensibilityGlobals) = postSolution
		SolutionGuid = {4AD7F1CF-CE2B-4F14-B7F1-ED8A5E054EF8}
	EndGlobalSection
EndGlobal
